PODS:
  - Flutter (1.0.0)
  - pigeon_example (0.0.1):
    - Flutter

DEPENDENCIES:
  - Flutter (from `Flutter`)
  - pigeon_example (from `.symlinks/plugins/pigeon_example/ios`)

EXTERNAL SOURCES:
  Flutter:
    :path: Flutter
  pigeon_example:
    :path: ".symlinks/plugins/pigeon_example/ios"

SPEC CHECKSUMS:
  Flutter: f04841e97a9d0b0a8025694d0796dd46242b2854
  pigeon_example: ef85ece6b1642deb6a1a432aaf6551d818b92b5e

PODFILE CHECKSUM: ef19549a9bc3046e7bb7d2fab4d021637c0c58a3

COCOAPODS: 1.11.3
